<?xml version="1.0" encoding="utf-8"?>
<Project ToolsVersion="4.0" xmlns="http://schemas.microsoft.com/developer/msbuild/2003">
  <ItemGroup>
    <Filter Include="ソース ファイル">
      <UniqueIdentifier>{4FC737F1-C7A5-4376-A066-2A32D752A2FF}</UniqueIdentifier>
      <Extensions>cpp;c;cc;cxx;c++;cppm;ixx;def;odl;idl;hpj;bat;asm;asmx</Extensions>
    </Filter>
    <Filter Include="ヘッダー ファイル">
      <UniqueIdentifier>{93995380-89BD-4b04-88EB-625FBE52EBFB}</UniqueIdentifier>
      <Extensions>h;hh;hpp;hxx;h++;hm;inl;inc;ipp;xsd</Extensions>
    </Filter>
    <Filter Include="リソース ファイル">
      <UniqueIdentifier>{67DA6AB6-F800-4c08-8B7A-83BB121AAD01}</UniqueIdentifier>
      <Extensions>rc;ico;cur;bmp;dlg;rc2;rct;bin;rgs;gif;jpg;jpeg;jpe;resx;tiff;tif;png;wav;mfcribbon-ms</Extensions>
    </Filter>
    <Filter Include="ソース ファイル\Chapter4">
      <UniqueIdentifier>{d34f8052-f139-4c9b-ae92-5b6539c29969}</UniqueIdentifier>
    </Filter>
    <Filter Include="ソース ファイル\Chapter5">
      <UniqueIdentifier>{ff9faecc-94b4-41ca-a1d3-45236347f586}</UniqueIdentifier>
    </Filter>
    <Filter Include="ソース ファイル\Chapter6">
      <UniqueIdentifier>{b8689af7-121a-4b8d-8aad-307cff1f6bca}</UniqueIdentifier>
    </Filter>
    <Filter Include="ソース ファイル\Chapter7">
      <UniqueIdentifier>{70d39b1c-d2e2-4dd6-85ee-318afd98ff73}</UniqueIdentifier>
    </Filter>
    <Filter Include="ソース ファイル\Chapter8">
      <UniqueIdentifier>{e63bf5d4-3d80-4e02-99ba-54c471bbbbc3}</UniqueIdentifier>
    </Filter>
    <Filter Include="ソース ファイル\AppleMove">
      <UniqueIdentifier>{6b4cd79e-dec7-4c35-86df-b5340cfa25a7}</UniqueIdentifier>
    </Filter>
  </ItemGroup>
  <ItemGroup>
    <ClCompile Include="GameTitle.cpp">
      <Filter>ソース ファイル</Filter>
    </ClCompile>
    <ClCompile Include="GM_kihon01.cpp">
      <Filter>ソース ファイル</Filter>
    </ClCompile>
    <ClCompile Include="GM_kihon02.cpp">
      <Filter>ソース ファイル</Filter>
    </ClCompile>
    <ClCompile Include="GM_kihon03.cpp">
      <Filter>ソース ファイル</Filter>
    </ClCompile>
    <ClCompile Include="GM_kihon04.cpp">
      <Filter>ソース ファイル</Filter>
    </ClCompile>
    <ClCompile Include="Ranking01.cpp">
      <Filter>ソース ファイル</Filter>
    </ClCompile>
    <ClCompile Include="GameEndKadai.cpp">
      <Filter>ソース ファイル</Filter>
    </ClCompile>
    <ClCompile Include="Ranking02.cpp">
      <Filter>ソース ファイル</Filter>
    </ClCompile>
    <ClCompile Include="Ranking03.cpp">
      <Filter>ソース ファイル</Filter>
    </ClCompile>
    <ClCompile Include="Ranking04.cpp">
      <Filter>ソース ファイル</Filter>
    </ClCompile>
    <ClCompile Include="Drive_and_Avoid.cpp">
      <Filter>ソース ファイル\Chapter5</Filter>
    </ClCompile>
    <ClCompile Include="Bomris.cpp">
      <Filter>ソース ファイル\Chapter6</Filter>
    </ClCompile>
    <ClCompile Include="BreakOut1.cpp">
      <Filter>ソース ファイル\Chapter4</Filter>
    </ClCompile>
    <ClCompile Include="SameGame.cpp">
      <Filter>ソース ファイル\Chapter7</Filter>
    </ClCompile>
    <ClCompile Include="Puzzle.cpp">
      <Filter>ソース ファイル\Chapter8</Filter>
    </ClCompile>
    <ClCompile Include="AppleMove.cpp">
      <Filter>ソース ファイル\AppleMove</Filter>
    </ClCompile>
  </ItemGroup>
</Project>