
Microsoft Visual Studio Solution File, Format Version 12.00
# Visual Studio Version 16
VisualStudioVersion = 16.0.31229.75
MinimumVisualStudioVersion = 10.0.40219.1
Project("{8BC9CEB8-8B4A-11D0-8D11-00A0C91BC942}") = "GM_kihon", "GM_kihon.vcxproj", "{651064D7-A044-47A5-B025-CD0937036DEB}"
EndProject
Global
	GlobalSection(SolutionConfigurationPlatforms) = preSolution
		Debug|x64 = Debug|x64
		Debug|x86 = Debug|x86
		Release|x64 = Release|x64
		Release|x86 = Release|x86
	EndGlobalSection
	GlobalSection(ProjectConfigurationPlatforms) = postSolution
		{651064D7-A044-47A5-B025-CD0937036DEB}.Debug|x64.ActiveCfg = Debug|x64
		{651064D7-A044-47A5-B025-CD0937036DEB}.Debug|x64.Build.0 = Debug|x64
		{651064D7-A044-47A5-B025-CD0937036DEB}.Debug|x86.ActiveCfg = Debug|Win32
		{651064D7-A044-47A5-B025-CD0937036DEB}.Debug|x86.Build.0 = Debug|Win32
		{651064D7-A044-47A5-B025-CD0937036DEB}.Release|x64.ActiveCfg = Release|x64
		{651064D7-A044-47A5-B025-CD0937036DEB}.Release|x64.Build.0 = Release|x64
		{651064D7-A044-47A5-B025-CD0937036DEB}.Release|x86.ActiveCfg = Release|Win32
		{651064D7-A044-47A5-B025-CD0937036DEB}.Release|x86.Build.0 = Release|Win32
	EndGlobalSection
	GlobalSection(SolutionProperties) = preSolution
		HideSolutionNode = FALSE
	EndGlobalSection
	GlobalSection(ExtensibilityGlobals) = postSolution
		SolutionGuid = {D03AABC9-7161-43E7-B403-0DBA1BB8E7D9}
	EndGlobalSection
EndGlobal
