<?xml version="1.0" encoding="utf-8"?>
<Project ToolsVersion="4.0" xmlns="http://schemas.microsoft.com/developer/msbuild/2003">
  <ItemGroup>
    <Filter Include="ソース ファイル">
      <UniqueIdentifier>{4FC737F1-C7A5-4376-A066-2A32D752A2FF}</UniqueIdentifier>
      <Extensions>cpp;c;cc;cxx;c++;cppm;ixx;def;odl;idl;hpj;bat;asm;asmx</Extensions>
    </Filter>
    <Filter Include="ヘッダー ファイル">
      <UniqueIdentifier>{93995380-89BD-4b04-88EB-625FBE52EBFB}</UniqueIdentifier>
      <Extensions>h;hh;hpp;hxx;h++;hm;inl;inc;ipp;xsd</Extensions>
    </Filter>
    <Filter Include="リソース ファイル">
      <UniqueIdentifier>{67DA6AB6-F800-4c08-8B7A-83BB121AAD01}</UniqueIdentifier>
      <Extensions>rc;ico;cur;bmp;dlg;rc2;rct;bin;rgs;gif;jpg;jpeg;jpe;resx;tiff;tif;png;wav;mfcribbon-ms</Extensions>
    </Filter>
    <Filter Include="ソース ファイル\chapter4">
      <UniqueIdentifier>{7b35cd6d-d75b-4fed-8e62-4ac5adbc9710}</UniqueIdentifier>
    </Filter>
    <Filter Include="ソース ファイル\chapter5">
      <UniqueIdentifier>{73fd19e9-edb2-42d4-97df-733c4ee96b52}</UniqueIdentifier>
    </Filter>
    <Filter Include="ソース ファイル\chapter6">
      <UniqueIdentifier>{2d112c55-1d6d-4571-b854-d65e0cfeb71a}</UniqueIdentifier>
    </Filter>
    <Filter Include="ソース ファイル\chapter7">
      <UniqueIdentifier>{08cb7f51-3e03-4792-9fd7-63a17de9ab4b}</UniqueIdentifier>
    </Filter>
    <Filter Include="ソース ファイル\chapter8">
      <UniqueIdentifier>{66da0b4a-dc8a-4d7f-927a-28750e5d58a3}</UniqueIdentifier>
    </Filter>
    <Filter Include="ソース ファイル\AppleCreate">
      <UniqueIdentifier>{d4d9b4f9-2fac-404b-93ee-58ce416bdbec}</UniqueIdentifier>
    </Filter>
  </ItemGroup>
  <ItemGroup>
    <ClCompile Include="Gm_Kihon.cpp">
      <Filter>ソース ファイル</Filter>
    </ClCompile>
    <ClCompile Include="p6.cpp">
      <Filter>ソース ファイル</Filter>
    </ClCompile>
    <ClCompile Include="p8.cpp">
      <Filter>ソース ファイル</Filter>
    </ClCompile>
    <ClCompile Include="GameTitle.cpp">
      <Filter>ソース ファイル</Filter>
    </ClCompile>
    <ClCompile Include="p12.cpp">
      <Filter>ソース ファイル</Filter>
    </ClCompile>
    <ClCompile Include="GameEnd.cpp">
      <Filter>ソース ファイル</Filter>
    </ClCompile>
    <ClCompile Include="p18.cpp">
      <Filter>ソース ファイル</Filter>
    </ClCompile>
    <ClCompile Include="p23.cpp">
      <Filter>ソース ファイル</Filter>
    </ClCompile>
    <ClCompile Include="p30.cpp">
      <Filter>ソース ファイル</Filter>
    </ClCompile>
    <ClCompile Include="BreakOut.cpp">
      <Filter>ソース ファイル\chapter4</Filter>
    </ClCompile>
    <ClCompile Include="p35.cpp">
      <Filter>ソース ファイル</Filter>
    </ClCompile>
    <ClCompile Include="MiniGame.cpp">
      <Filter>ソース ファイル\chapter5</Filter>
    </ClCompile>
    <ClCompile Include="Bomris.cpp">
      <Filter>ソース ファイル\chapter6</Filter>
    </ClCompile>
    <ClCompile Include="SameGame.cpp">
      <Filter>ソース ファイル\chapter7</Filter>
    </ClCompile>
    <ClCompile Include="Match 3.cpp">
      <Filter>ソース ファイル\chapter8</Filter>
    </ClCompile>
    <ClCompile Include="AppleCreate.cpp">
      <Filter>ソース ファイル\AppleCreate</Filter>
    </ClCompile>
    <ClCompile Include="AppleCreate2.cpp">
      <Filter>ソース ファイル\AppleCreate</Filter>
    </ClCompile>
  </ItemGroup>
  <ItemGroup>
    <ClInclude Include="AppleCreate.h">
      <Filter>ソース ファイル\AppleCreate</Filter>
    </ClInclude>
  </ItemGroup>
</Project>